
Microsoft Visual Studio Solution File, Format Version 12.00
# Visual Studio Version 17
VisualStudioVersion = 17.12.35707.178
MinimumVisualStudioVersion = 10.0.40219.1
Project("{8BC9CEB8-8B4A-11D0-8D11-00A0C91BC942}") = "1.BubbleSort", "1.BubbleSort\1.BubbleSort.vcxproj", "{3B551033-9E8B-4DD0-9D41-201D5011738E}"
EndProject
Project("{8BC9CEB8-8B4A-11D0-8D11-00A0C91BC942}") = "2.SelectionSort", "2.SelectionSort\2.SelectionSort.vcxproj", "{5F9DE8F5-0FAF-4380-BB72-8442A2F7BDAD}"
EndProject
Project("{8BC9CEB8-8B4A-11D0-8D11-00A0C91BC942}") = "3.InsertionSort", "3.InsertionSort\3.InsertionSort.vcxproj", "{C2C92656-3559-4948-B40E-1BB9B3D830B0}"
EndProject
Project("{8BC9CEB8-8B4A-11D0-8D11-00A0C91BC942}") = "4.QuickSort", "4.QuickSort\4.QuickSort.vcxproj", "{1BA58889-33DF-4047-ABB6-D52BA3C87F01}"
EndProject
Project("{8BC9CEB8-8B4A-11D0-8D11-00A0C91BC942}") = "5.MergeSort", "5.MergeSort\5.MergeSort.vcxproj", "{2D8BEFFD-7390-4D48-8EA2-E6151C370E04}"
EndProject
Project("{8BC9CEB8-8B4A-11D0-8D11-00A0C91BC942}") = "6.HeapSort", "6.HeapSort\6.HeapSort.vcxproj", "{2C9DB647-514D-4E93-8C0C-0FD6FB7E5E96}"
EndProject
Project("{8BC9CEB8-8B4A-11D0-8D11-00A0C91BC942}") = "7.DFS", "7.DFS\7.DFS.vcxproj", "{370A2B52-B28D-454B-A6D9-2F98847577F8}"
EndProject
Project("{8BC9CEB8-8B4A-11D0-8D11-00A0C91BC942}") = "8.BFS", "8.BFS\8.BFS.vcxproj", "{3FD13244-4E1C-45FB-8EC4-E436A99C0081}"
EndProject
Project("{8BC9CEB8-8B4A-11D0-8D11-00A0C91BC942}") = "9.RBT", "9.RBT\9.RBT.vcxproj", "{D38A4F86-5369-4EC4-A584-CD3D80037986}"
EndProject
Project("{8BC9CEB8-8B4A-11D0-8D11-00A0C91BC942}") = "10.AStarPathFinding", "10.AStartPathFinding\10.AStarPathFinding.vcxproj", "{DF267B45-5047-4EB6-96B4-EC4D182656CF}"
EndProject
Project("{8BC9CEB8-8B4A-11D0-8D11-00A0C91BC942}") = "11.QuadTree", "11.QuadTree\11.QuadTree.vcxproj", "{A7CD9799-D58E-4D33-A55C-7B2ED61EF4BB}"
EndProject
Global
	GlobalSection(SolutionConfigurationPlatforms) = preSolution
		Debug|x64 = Debug|x64
		Debug|x86 = Debug|x86
		Release|x64 = Release|x64
		Release|x86 = Release|x86
	EndGlobalSection
	GlobalSection(ProjectConfigurationPlatforms) = postSolution
		{3B551033-9E8B-4DD0-9D41-201D5011738E}.Debug|x64.ActiveCfg = Debug|x64
		{3B551033-9E8B-4DD0-9D41-201D5011738E}.Debug|x64.Build.0 = Debug|x64
		{3B551033-9E8B-4DD0-9D41-201D5011738E}.Debug|x86.ActiveCfg = Debug|Win32
		{3B551033-9E8B-4DD0-9D41-201D5011738E}.Debug|x86.Build.0 = Debug|Win32
		{3B551033-9E8B-4DD0-9D41-201D5011738E}.Release|x64.ActiveCfg = Release|x64
		{3B551033-9E8B-4DD0-9D41-201D5011738E}.Release|x64.Build.0 = Release|x64
		{3B551033-9E8B-4DD0-9D41-201D5011738E}.Release|x86.ActiveCfg = Release|Win32
		{3B551033-9E8B-4DD0-9D41-201D5011738E}.Release|x86.Build.0 = Release|Win32
		{5F9DE8F5-0FAF-4380-BB72-8442A2F7BDAD}.Debug|x64.ActiveCfg = Debug|x64
		{5F9DE8F5-0FAF-4380-BB72-8442A2F7BDAD}.Debug|x64.Build.0 = Debug|x64
		{5F9DE8F5-0FAF-4380-BB72-8442A2F7BDAD}.Debug|x86.ActiveCfg = Debug|Win32
		{5F9DE8F5-0FAF-4380-BB72-8442A2F7BDAD}.Debug|x86.Build.0 = Debug|Win32
		{5F9DE8F5-0FAF-4380-BB72-8442A2F7BDAD}.Release|x64.ActiveCfg = Release|x64
		{5F9DE8F5-0FAF-4380-BB72-8442A2F7BDAD}.Release|x64.Build.0 = Release|x64
		{5F9DE8F5-0FAF-4380-BB72-8442A2F7BDAD}.Release|x86.ActiveCfg = Release|Win32
		{5F9DE8F5-0FAF-4380-BB72-8442A2F7BDAD}.Release|x86.Build.0 = Release|Win32
		{C2C92656-3559-4948-B40E-1BB9B3D830B0}.Debug|x64.ActiveCfg = Debug|x64
		{C2C92656-3559-4948-B40E-1BB9B3D830B0}.Debug|x64.Build.0 = Debug|x64
		{C2C92656-3559-4948-B40E-1BB9B3D830B0}.Debug|x86.ActiveCfg = Debug|Win32
		{C2C92656-3559-4948-B40E-1BB9B3D830B0}.Debug|x86.Build.0 = Debug|Win32
		{C2C92656-3559-4948-B40E-1BB9B3D830B0}.Release|x64.ActiveCfg = Release|x64
		{C2C92656-3559-4948-B40E-1BB9B3D830B0}.Release|x64.Build.0 = Release|x64
		{C2C92656-3559-4948-B40E-1BB9B3D830B0}.Release|x86.ActiveCfg = Release|Win32
		{C2C92656-3559-4948-B40E-1BB9B3D830B0}.Release|x86.Build.0 = Release|Win32
		{1BA58889-33DF-4047-ABB6-D52BA3C87F01}.Debug|x64.ActiveCfg = Debug|x64
		{1BA58889-33DF-4047-ABB6-D52BA3C87F01}.Debug|x64.Build.0 = Debug|x64
		{1BA58889-33DF-4047-ABB6-D52BA3C87F01}.Debug|x86.ActiveCfg = Debug|Win32
		{1BA58889-33DF-4047-ABB6-D52BA3C87F01}.Debug|x86.Build.0 = Debug|Win32
		{1BA58889-33DF-4047-ABB6-D52BA3C87F01}.Release|x64.ActiveCfg = Release|x64
		{1BA58889-33DF-4047-ABB6-D52BA3C87F01}.Release|x64.Build.0 = Release|x64
		{1BA58889-33DF-4047-ABB6-D52BA3C87F01}.Release|x86.ActiveCfg = Release|Win32
		{1BA58889-33DF-4047-ABB6-D52BA3C87F01}.Release|x86.Build.0 = Release|Win32
		{2D8BEFFD-7390-4D48-8EA2-E6151C370E04}.Debug|x64.ActiveCfg = Debug|x64
		{2D8BEFFD-7390-4D48-8EA2-E6151C370E04}.Debug|x64.Build.0 = Debug|x64
		{2D8BEFFD-7390-4D48-8EA2-E6151C370E04}.Debug|x86.ActiveCfg = Debug|Win32
		{2D8BEFFD-7390-4D48-8EA2-E6151C370E04}.Debug|x86.Build.0 = Debug|Win32
		{2D8BEFFD-7390-4D48-8EA2-E6151C370E04}.Release|x64.ActiveCfg = Release|x64
		{2D8BEFFD-7390-4D48-8EA2-E6151C370E04}.Release|x64.Build.0 = Release|x64
		{2D8BEFFD-7390-4D48-8EA2-E6151C370E04}.Release|x86.ActiveCfg = Release|Win32
		{2D8BEFFD-7390-4D48-8EA2-E6151C370E04}.Release|x86.Build.0 = Release|Win32
		{2C9DB647-514D-4E93-8C0C-0FD6FB7E5E96}.Debug|x64.ActiveCfg = Debug|x64
		{2C9DB647-514D-4E93-8C0C-0FD6FB7E5E96}.Debug|x64.Build.0 = Debug|x64
		{2C9DB647-514D-4E93-8C0C-0FD6FB7E5E96}.Debug|x86.ActiveCfg = Debug|Win32
		{2C9DB647-514D-4E93-8C0C-0FD6FB7E5E96}.Debug|x86.Build.0 = Debug|Win32
		{2C9DB647-514D-4E93-8C0C-0FD6FB7E5E96}.Release|x64.ActiveCfg = Release|x64
		{2C9DB647-514D-4E93-8C0C-0FD6FB7E5E96}.Release|x64.Build.0 = Release|x64
		{2C9DB647-514D-4E93-8C0C-0FD6FB7E5E96}.Release|x86.ActiveCfg = Release|Win32
		{2C9DB647-514D-4E93-8C0C-0FD6FB7E5E96}.Release|x86.Build.0 = Release|Win32
		{370A2B52-B28D-454B-A6D9-2F98847577F8}.Debug|x64.ActiveCfg = Debug|x64
		{370A2B52-B28D-454B-A6D9-2F98847577F8}.Debug|x64.Build.0 = Debug|x64
		{370A2B52-B28D-454B-A6D9-2F98847577F8}.Debug|x86.ActiveCfg = Debug|Win32
		{370A2B52-B28D-454B-A6D9-2F98847577F8}.Debug|x86.Build.0 = Debug|Win32
		{370A2B52-B28D-454B-A6D9-2F98847577F8}.Release|x64.ActiveCfg = Release|x64
		{370A2B52-B28D-454B-A6D9-2F98847577F8}.Release|x64.Build.0 = Release|x64
		{370A2B52-B28D-454B-A6D9-2F98847577F8}.Release|x86.ActiveCfg = Release|Win32
		{370A2B52-B28D-454B-A6D9-2F98847577F8}.Release|x86.Build.0 = Release|Win32
		{3FD13244-4E1C-45FB-8EC4-E436A99C0081}.Debug|x64.ActiveCfg = Debug|x64
		{3FD13244-4E1C-45FB-8EC4-E436A99C0081}.Debug|x64.Build.0 = Debug|x64
		{3FD13244-4E1C-45FB-8EC4-E436A99C0081}.Debug|x86.ActiveCfg = Debug|Win32
		{3FD13244-4E1C-45FB-8EC4-E436A99C0081}.Debug|x86.Build.0 = Debug|Win32
		{3FD13244-4E1C-45FB-8EC4-E436A99C0081}.Release|x64.ActiveCfg = Release|x64
		{3FD13244-4E1C-45FB-8EC4-E436A99C0081}.Release|x64.Build.0 = Release|x64
		{3FD13244-4E1C-45FB-8EC4-E436A99C0081}.Release|x86.ActiveCfg = Release|Win32
		{3FD13244-4E1C-45FB-8EC4-E436A99C0081}.Release|x86.Build.0 = Release|Win32
		{D38A4F86-5369-4EC4-A584-CD3D80037986}.Debug|x64.ActiveCfg = Debug|x64
		{D38A4F86-5369-4EC4-A584-CD3D80037986}.Debug|x64.Build.0 = Debug|x64
		{D38A4F86-5369-4EC4-A584-CD3D80037986}.Debug|x86.ActiveCfg = Debug|Win32
		{D38A4F86-5369-4EC4-A584-CD3D80037986}.Debug|x86.Build.0 = Debug|Win32
		{D38A4F86-5369-4EC4-A584-CD3D80037986}.Release|x64.ActiveCfg = Release|x64
		{D38A4F86-5369-4EC4-A584-CD3D80037986}.Release|x64.Build.0 = Release|x64
		{D38A4F86-5369-4EC4-A584-CD3D80037986}.Release|x86.ActiveCfg = Release|Win32
		{D38A4F86-5369-4EC4-A584-CD3D80037986}.Release|x86.Build.0 = Release|Win32
		{DF267B45-5047-4EB6-96B4-EC4D182656CF}.Debug|x64.ActiveCfg = Debug|x64
		{DF267B45-5047-4EB6-96B4-EC4D182656CF}.Debug|x64.Build.0 = Debug|x64
		{DF267B45-5047-4EB6-96B4-EC4D182656CF}.Debug|x86.ActiveCfg = Debug|Win32
		{DF267B45-5047-4EB6-96B4-EC4D182656CF}.Debug|x86.Build.0 = Debug|Win32
		{DF267B45-5047-4EB6-96B4-EC4D182656CF}.Release|x64.ActiveCfg = Release|x64
		{DF267B45-5047-4EB6-96B4-EC4D182656CF}.Release|x64.Build.0 = Release|x64
		{DF267B45-5047-4EB6-96B4-EC4D182656CF}.Release|x86.ActiveCfg = Release|Win32
		{DF267B45-5047-4EB6-96B4-EC4D182656CF}.Release|x86.Build.0 = Release|Win32
		{A7CD9799-D58E-4D33-A55C-7B2ED61EF4BB}.Debug|x64.ActiveCfg = Debug|x64
		{A7CD9799-D58E-4D33-A55C-7B2ED61EF4BB}.Debug|x64.Build.0 = Debug|x64
		{A7CD9799-D58E-4D33-A55C-7B2ED61EF4BB}.Debug|x86.ActiveCfg = Debug|Win32
		{A7CD9799-D58E-4D33-A55C-7B2ED61EF4BB}.Debug|x86.Build.0 = Debug|Win32
		{A7CD9799-D58E-4D33-A55C-7B2ED61EF4BB}.Release|x64.ActiveCfg = Release|x64
		{A7CD9799-D58E-4D33-A55C-7B2ED61EF4BB}.Release|x64.Build.0 = Release|x64
		{A7CD9799-D58E-4D33-A55C-7B2ED61EF4BB}.Release|x86.ActiveCfg = Release|Win32
		{A7CD9799-D58E-4D33-A55C-7B2ED61EF4BB}.Release|x86.Build.0 = Release|Win32
	EndGlobalSection
	GlobalSection(SolutionProperties) = preSolution
		HideSolutionNode = FALSE
	EndGlobalSection
EndGlobal
